<Solution>
  <Folder Name="/src/">
    <Project Path="src/Scarlet.System.Text.Json.DateTimeConverter/Scarlet.System.Text.Json.DateTimeConverter.csproj" />
  </Folder>
  <Folder Name="/tests/">
    <Project Path="tests/Scarlet.System.Text.Json.DateTimeConverter.Tests/Scarlet.System.Text.Json.DateTimeConverter.Tests.csproj" />
  </Folder>
</Solution>
